# THIS IS AN AUTOGENERATED FILE. DO NOT EDIT THIS FILE DIRECTLY.
# yarn lockfile v1


"@harmoniclabs/bigint-utils@^1.0.0":
  version "1.0.0"
  resolved "https://registry.yarnpkg.com/@harmoniclabs/bigint-utils/-/bigint-utils-1.0.0.tgz#5e6392254dcd48c5f8bd93693c713d3a6d00bc80"
  integrity sha512-OhZMHcdtH2hHKMlxWFHf71PmKHdoi9ARpjS9mUu0/cd8VWDDjT7VQoQwC5NN/68iyO4O5Dojrvrp9tjG5BDABA==
  dependencies:
    "@harmoniclabs/uint8array-utils" "^1.0.0"

"@harmoniclabs/biguint@^1.0.0":
  version "1.0.0"
  resolved "https://registry.yarnpkg.com/@harmoniclabs/biguint/-/biguint-1.0.0.tgz#1aafdb41f25ece2c4248366458c72714e984dcf3"
  integrity sha512-5DyCIBDL4W+7ffR1IJSbGrCG4xEYxAlFH5gCNF42qtyL5ltwZ92Ae1MyXpHM2TUPy7ocSTqlLUsOdy+SvqVVPw==

"@harmoniclabs/bitstream@^1.0.0":
  version "1.0.0"
  resolved "https://registry.yarnpkg.com/@harmoniclabs/bitstream/-/bitstream-1.0.0.tgz#b1e614fec268c370cfe6524640094b26eafcc754"
  integrity sha512-Ed/I46IuCiytE5QiMmmUo9kPJcypM7OuUqoRaAXUALL5C6LKLpT6kYE1qeuhLkx2/WvkHT18jcOX6jhM/nmqoA==
  dependencies:
    "@harmoniclabs/uint8array-utils" "^1.0.0"

"@harmoniclabs/bytestring@^1.0.0":
  version "1.0.0"
  resolved "https://registry.yarnpkg.com/@harmoniclabs/bytestring/-/bytestring-1.0.0.tgz#5acece62f5ebac113cd6053883ca315c9c5d4532"
  integrity sha512-d5m10O0okKc6QNX0pSRriFTkk/kNMnMBGbo5X3kEZwKaXTI4tDVoTZBL7bwbYHwOEdSxWJjVtlO9xtB7ZrYZNg==
  dependencies:
    "@harmoniclabs/uint8array-utils" "^1.0.0"

"@harmoniclabs/cbor@^1.1.4":
  version "1.1.4"
  resolved "https://registry.yarnpkg.com/@harmoniclabs/cbor/-/cbor-1.1.4.tgz#11738ea6f93a8313583557f77058cc46984fb73d"
  integrity sha512-QozjrqhufZpUXWstv8LXU8/I7MTclN53rUhq7CiVN5EGLHkHdG9S1x/upU2WQ0Wcp9jK2Pvne5gtNErVnhIPJg==
  dependencies:
    "@harmoniclabs/bytestring" "^1.0.0"
    "@harmoniclabs/obj-utils" "^1.0.0"
    "@harmoniclabs/uint8array-utils" "^1.0.0"

"@harmoniclabs/crypto@^0.1.0":
  version "0.1.0"
  resolved "https://registry.yarnpkg.com/@harmoniclabs/crypto/-/crypto-0.1.0.tgz#9e34eeb84712fed18e320bb053f5496b57d5d0c2"
  integrity sha512-z3WGFpz5glQIzbo6qujRrfFjysLn73WXFyPuKFYeQwEkrLY+M8FzaGWXIWpKootWaITMepx39yloNHxwJZyA9Q==
  dependencies:
    "@harmoniclabs/bitstream" "^1.0.0"
    "@harmoniclabs/uint8array-utils" "^1.0.0"

"@harmoniclabs/obj-utils@^1.0.0":
  version "1.0.0"
  resolved "https://registry.yarnpkg.com/@harmoniclabs/obj-utils/-/obj-utils-1.0.0.tgz#b0228ed67ae4b1b23ed942cb12887ce49105aee2"
  integrity sha512-EO1bQBZAORrutcP+leP5YNDwNd/9TOE23VEvs3ktniXg6w0knUrLjUIl2Pkcbs/D1VQxqmsNpXho+vaMj00qxA==

"@harmoniclabs/pair@^1.0.0":
  version "1.0.0"
  resolved "https://registry.yarnpkg.com/@harmoniclabs/pair/-/pair-1.0.0.tgz#e0c6d05a76fe43ea17deea72b4583449d2681058"
  integrity sha512-D9OBowsUsy1LctHxWzd9AngTzoo5x3rBiJ0gu579t41Q23pb+VNx1euEfluUEiaYbgljcl1lb/4D1fFTZd1tRQ==

"@harmoniclabs/plutus-data@^1.0.0":
  version "1.0.0"
  resolved "https://registry.yarnpkg.com/@harmoniclabs/plutus-data/-/plutus-data-1.0.0.tgz#0fa654bf770dbf1f03aa2879c482e31ffb33bf55"
  integrity sha512-Dm3nojFLYCVVZghIA6SwhEzfT/U2LHlEF+raAeSM9c4fw1MXLZKncIe3mtxhP6LGSdPYTYtKF89+jpAX8XRVQA==
  dependencies:
    "@harmoniclabs/biguint" "^1.0.0"
    "@harmoniclabs/crypto" "^0.1.0"

"@harmoniclabs/uint8array-utils@^1.0.0":
  version "1.0.0"
  resolved "https://registry.yarnpkg.com/@harmoniclabs/uint8array-utils/-/uint8array-utils-1.0.0.tgz#6afe7d3f6226ce0bec306f4ec1b9abf176fb84b5"
  integrity sha512-KNlgXCRGjmD3O+LYa3yTe3yKg8WY6C/bLs4Ywbjp7C9ORVxfppZDBd02LeK6jcIf800zadvJp+Bxk9qO+IcAQg==

"@harmoniclabs/uplc@^1.1.0":
  version "1.1.0"
  resolved "https://registry.yarnpkg.com/@harmoniclabs/uplc/-/uplc-1.1.0.tgz#88486d6c006ab2bf18518a9ea472847ff7cc4768"
  integrity sha512-j3wayOrHNNuyCqLl9NSaFKaVd/KUJN6wwJDT9NP99kVDQBJwRU5D5XvHA9I7jLCSjaTSRVBbdWSwbZckK1nKxg==
  dependencies:
    "@harmoniclabs/bigint-utils" "^1.0.0"
    "@harmoniclabs/bitstream" "^1.0.0"
    "@harmoniclabs/uint8array-utils" "^1.0.0"

bech32@^2.0.0:
  version "2.0.0"
  resolved "https://registry.yarnpkg.com/bech32/-/bech32-2.0.0.tgz#078d3686535075c8c79709f054b1b226a133b355"
  integrity sha512-LcknSilhIGatDAsY1ak2I8VtGaHNhgMSYVxFrGLXv+xLHytaKZKcaUJJUE7qmBr7h33o5YQwP55pMI0xmkpJwg==

ws@^8.14.2:
  version "8.14.2"
  resolved "https://registry.yarnpkg.com/ws/-/ws-8.14.2.tgz#6c249a806eb2db7a20d26d51e7709eab7b2e6c7f"
  integrity sha512-wEBG1ftX4jcglPxgFCMJmZ2PLtSbJ2Peg6TmpJFTbe9GZYOQCDPdMYu/Tm0/bGZkw8paZnJY45J4K2PZrLYq8g==
